
Microsoft Visual Studio Solution File, Format Version 12.00
# Visual Studio Version 17
VisualStudioVersion = 17.8.34525.116
MinimumVisualStudioVersion = 10.0.40219.1
Project("{9A19103F-16F7-4668-BE54-9A1E7A4F7556}") = "Workaround", "Workaround\Workaround.csproj", "{856A24A0-87E3-4A65-82BD-4E45438C3D2A}"
EndProject
Project("{FAE04EC0-301F-11D3-BF4B-00C04F79EFBC}") = "Entities", "Entities\Entities.csproj", "{C1995B41-96B4-4874-B72E-BC7A382F91CB}"
EndProject
Project("{FAE04EC0-301F-11D3-BF4B-00C04F79EFBC}") = "Business", "Business\Business.csproj", "{4674962B-0C2E-4F5E-8892-69FFA6CE0911}"
EndProject
Global
	GlobalSection(SolutionConfigurationPlatforms) = preSolution
		Debug|Any CPU = Debug|Any CPU
		Release|Any CPU = Release|Any CPU
	EndGlobalSection
	GlobalSection(ProjectConfigurationPlatforms) = postSolution
		{856A24A0-87E3-4A65-82BD-4E45438C3D2A}.Debug|Any CPU.ActiveCfg = Debug|Any CPU
		{856A24A0-87E3-4A65-82BD-4E45438C3D2A}.Debug|Any CPU.Build.0 = Debug|Any CPU
		{856A24A0-87E3-4A65-82BD-4E45438C3D2A}.Release|Any CPU.ActiveCfg = Release|Any CPU
		{856A24A0-87E3-4A65-82BD-4E45438C3D2A}.Release|Any CPU.Build.0 = Release|Any CPU
		{C1995B41-96B4-4874-B72E-BC7A382F91CB}.Debug|Any CPU.ActiveCfg = Debug|Any CPU
		{C1995B41-96B4-4874-B72E-BC7A382F91CB}.Debug|Any CPU.Build.0 = Debug|Any CPU
		{C1995B41-96B4-4874-B72E-BC7A382F91CB}.Release|Any CPU.ActiveCfg = Release|Any CPU
		{C1995B41-96B4-4874-B72E-BC7A382F91CB}.Release|Any CPU.Build.0 = Release|Any CPU
		{4674962B-0C2E-4F5E-8892-69FFA6CE0911}.Debug|Any CPU.ActiveCfg = Debug|Any CPU
		{4674962B-0C2E-4F5E-8892-69FFA6CE0911}.Debug|Any CPU.Build.0 = Debug|Any CPU
		{4674962B-0C2E-4F5E-8892-69FFA6CE0911}.Release|Any CPU.ActiveCfg = Release|Any CPU
		{4674962B-0C2E-4F5E-8892-69FFA6CE0911}.Release|Any CPU.Build.0 = Release|Any CPU
	EndGlobalSection
	GlobalSection(SolutionProperties) = preSolution
		HideSolutionNode = FALSE
	EndGlobalSection
	GlobalSection(ExtensibilityGlobals) = postSolution
		SolutionGuid = {9BD0BC27-C5D7-4881-B774-F9D75C745016}
	EndGlobalSection
EndGlobal
